
Microsoft Visual Studio Solution File, Format Version 12.00
# Visual Studio Version 18
VisualStudioVersion = 18.7.11919.86 stable
MinimumVisualStudioVersion = 10.0.40219.1
Project("{2150E333-8FDC-42A3-9474-1A3956D46DE8}") = "src", "src", "{795100F6-1F0B-48B5-B33D-C9E461538C73}"
EndProject
Project("{2150E333-8FDC-42A3-9474-1A3956D46DE8}") = "test", "test", "{3D266121-A473-4A46-9731-B7C13C7BCFD9}"
EndProject
Project("{2150E333-8FDC-42A3-9474-1A3956D46DE8}") = "misc", "misc", "{A40D81D5-008B-44CA-B648-1FB694133D18}"
	ProjectSection(SolutionItems) = preProject
		.editorconfig = .editorconfig
		.gitignore = .gitignore
		.markdownlint.json = .markdownlint.json
		.markdownlintignore = .markdownlintignore
		CONTRIBUTING.md = CONTRIBUTING.md
		LegacyRecordsCaseWareFileUsers.sln.DotSettings = LegacyRecordsCaseWareFileUsers.sln.DotSettings
		nuget.config = nuget.config
		package.json = package.json
		prettier.config.js = prettier.config.js
		README.md = README.md
		StyleCop.Analyzers.ruleset = StyleCop.Analyzers.ruleset
		stylecop.json = stylecop.json
		WORKFLOW.md = WORKFLOW.md
	EndProjectSection
EndProject
Project("{2150E333-8FDC-42A3-9474-1A3956D46DE8}") = "unit-tests", "unit-tests", "{FC06E8E0-EFDD-462C-919A-7D2609473A37}"
EndProject
Project("{FAE04EC0-301F-11D3-BF4B-00C04F79EFBC}") = "LegacyRecordsCaseWareFileUsers", "src\LegacyRecordsCaseWareFileUsers\LegacyRecordsCaseWareFileUsers.csproj", "{09567F4D-DE43-4C2C-8009-5F2B27D3CC9C}"
EndProject
Project("{FAE04EC0-301F-11D3-BF4B-00C04F79EFBC}") = "LegacyRecordsCaseWareFileUsers.Tests", "test\unit-tests\LegacyRecordsCaseWareFileUsers.Tests\LegacyRecordsCaseWareFileUsers.Tests.csproj", "{7F47D3AD-D587-424E-BAFC-ED420AFD18E1}"
EndProject
Global
	GlobalSection(SolutionConfigurationPlatforms) = preSolution
		Debug|Any CPU = Debug|Any CPU
		Release|Any CPU = Release|Any CPU
	EndGlobalSection
	GlobalSection(ProjectConfigurationPlatforms) = postSolution
		{09567F4D-DE43-4C2C-8009-5F2B27D3CC9C}.Debug|Any CPU.ActiveCfg = Debug|Any CPU
		{09567F4D-DE43-4C2C-8009-5F2B27D3CC9C}.Debug|Any CPU.Build.0 = Debug|Any CPU
		{09567F4D-DE43-4C2C-8009-5F2B27D3CC9C}.Release|Any CPU.ActiveCfg = Release|Any CPU
		{09567F4D-DE43-4C2C-8009-5F2B27D3CC9C}.Release|Any CPU.Build.0 = Release|Any CPU
		{7F47D3AD-D587-424E-BAFC-ED420AFD18E1}.Debug|Any CPU.ActiveCfg = Debug|Any CPU
		{7F47D3AD-D587-424E-BAFC-ED420AFD18E1}.Debug|Any CPU.Build.0 = Debug|Any CPU
		{7F47D3AD-D587-424E-BAFC-ED420AFD18E1}.Release|Any CPU.ActiveCfg = Release|Any CPU
		{7F47D3AD-D587-424E-BAFC-ED420AFD18E1}.Release|Any CPU.Build.0 = Release|Any CPU
	EndGlobalSection
	GlobalSection(SolutionProperties) = preSolution
		HideSolutionNode = FALSE
	EndGlobalSection
	GlobalSection(NestedProjects) = preSolution
		{FC06E8E0-EFDD-462C-919A-7D2609473A37} = {3D266121-A473-4A46-9731-B7C13C7BCFD9}
		{09567F4D-DE43-4C2C-8009-5F2B27D3CC9C} = {795100F6-1F0B-48B5-B33D-C9E461538C73}
		{7F47D3AD-D587-424E-BAFC-ED420AFD18E1} = {FC06E8E0-EFDD-462C-919A-7D2609473A37}
	EndGlobalSection
	GlobalSection(ExtensibilityGlobals) = postSolution
		SolutionGuid = {3A21997D-560C-4F32-A975-C60052818BC1}
	EndGlobalSection
EndGlobal
